{
  "name": "WIKI-API",
  "lockfileVersion": 2,
  "requires": true,
  "packages": {
    "": {
      "dependencies": {
        "wikiapi": "^1.19.0"
      }
    },
    "node_modules/cejs": {
      "version": "4.3.1",
      "resolved": "https://registry.npmjs.org/cejs/-/cejs-4.3.1.tgz",
      "integrity": "sha512-iRM2lj6Cky93Rmz2oqvtr2ovxPbajQ56Nx3rtywxFFq3bBgh0R8kVRFIQtg7FrZsqrVc/fnSJ8A2lhaPDQdHRA==",
      "engines": {
        "node": ">=0.10"
      }
    },
    "node_modules/wikiapi": {
      "version": "1.19.0",
      "resolved": "https://registry.npmjs.org/wikiapi/-/wikiapi-1.19.0.tgz",
      "integrity": "sha512-phEzNA7AoAjzXPTIBgOuEidK//q8sTbUU8zBTGt2ki4kw/25A1hVJnKFuWDgQZqBx2EHT66MAJPc/1lC9kZChA==",
      "dependencies": {
        "cejs": "latest"
      },
      "engines": {
        "node": ">=12.0"
      }
    }
  },
  "dependencies": {
    "cejs": {
      "version": "4.3.1",
      "resolved": "https://registry.npmjs.org/cejs/-/cejs-4.3.1.tgz",
      "integrity": "sha512-iRM2lj6Cky93Rmz2oqvtr2ovxPbajQ56Nx3rtywxFFq3bBgh0R8kVRFIQtg7FrZsqrVc/fnSJ8A2lhaPDQdHRA=="
    },
    "wikiapi": {
      "version": "1.19.0",
      "resolved": "https://registry.npmjs.org/wikiapi/-/wikiapi-1.19.0.tgz",
      "integrity": "sha512-phEzNA7AoAjzXPTIBgOuEidK//q8sTbUU8zBTGt2ki4kw/25A1hVJnKFuWDgQZqBx2EHT66MAJPc/1lC9kZChA==",
      "requires": {
        "cejs": "latest"
      }
    }
  }
}
